// !$*UTF8*$!
{
	archiveVersion = 1;
	classes = {
	};
	objectVersion = 50;
	objects = {

/* Begin PBXBuildFile section */
		33A478AF2583E6F400F9B7B5 /* AppDelegate.swift in Sources */ = {isa = PBXBuildFile; fileRef = 33A478AE2583E6F400F9B7B5 /* AppDelegate.swift */; };
		33A478B12583E6F400F9B7B5 /* SceneDelegate.swift in Sources */ = {isa = PBXBuildFile; fileRef = 33A478B02583E6F400F9B7B5 /* SceneDelegate.swift */; };
		33A478B32583E6F400F9B7B5 /* ViewController.swift in Sources */ = {isa = PBXBuildFile; fileRef = 33A478B22583E6F400F9B7B5 /* ViewController.swift */; };
		33A478B62583E6F400F9B7B5 /* Main.storyboard in Resources */ = {isa = PBXBuildFile; fileRef = 33A478B42583E6F400F9B7B5 /* Main.storyboard */; };
		33A478B82583E6F600F9B7B5 /* Assets.xcassets in Resources */ = {isa = PBXBuildFile; fileRef = 33A478B72583E6F600F9B7B5 /* Assets.xcassets */; };
		33A478BB2583E6F600F9B7B5 /* LaunchScreen.storyboard in Resources */ = {isa = PBXBuildFile; fileRef = 33A478B92583E6F600F9B7B5 /* LaunchScreen.storyboard */; };
		33A478C62583E6F600F9B7B5 /* SpaceTests.swift in Sources */ = {isa = PBXBuildFile; fileRef = 33A478C52583E6F600F9B7B5 /* SpaceTests.swift */; };
		33A478D12583E6F600F9B7B5 /* SpaceUITests.swift in Sources */ = {isa = PBXBuildFile; fileRef = 33A478D02583E6F600F9B7B5 /* SpaceUITests.swift */; };
/* End PBXBuildFile section */

/* Begin PBXContainerItemProxy section */
		33A478C22583E6F600F9B7B5 /* PBXContainerItemProxy */ = {
			isa = PBXContainerItemProxy;
			containerPortal = 33A478A32583E6F400F9B7B5 /* Project object */;
			proxyType = 1;
			remoteGlobalIDString = 33A478AA2583E6F400F9B7B5;
			remoteInfo = Space;
		};
		33A478CD2583E6F600F9B7B5 /* PBXContainerItemProxy */ = {
			isa = PBXContainerItemProxy;
			containerPortal = 33A478A32583E6F400F9B7B5 /* Project object */;
			proxyType = 1;
			remoteGlobalIDString = 33A478AA2583E6F400F9B7B5;
			remoteInfo = Space;
		};
/* End PBXContainerItemProxy section */

/* Begin PBXFileReference section */
		33A478AB2583E6F400F9B7B5 /* Space.app */ = {isa = PBXFileReference; explicitFileType = wrapper.application; includeInIndex = 0; path = Space.app; sourceTree = BUILT_PRODUCTS_DIR; };
		33A478AE2583E6F400F9B7B5 /* AppDelegate.swift */ = {isa = PBXFileReference; lastKnownFileType = sourcecode.swift; path = AppDelegate.swift; sourceTree = "<group>"; };
		33A478B02583E6F400F9B7B5 /* SceneDelegate.swift */ = {isa = PBXFileReference; lastKnownFileType = sourcecode.swift; path = SceneDelegate.swift; sourceTree = "<group>"; };
		33A478B22583E6F400F9B7B5 /* ViewController.swift */ = {isa = PBXFileReference; lastKnownFileType = sourcecode.swift; path = ViewController.swift; sourceTree = "<group>"; };
		33A478B52583E6F400F9B7B5 /* Base */ = {isa = PBXFileReference; lastKnownFileType = file.storyboard; name = Base; path = Base.lproj/Main.storyboard; sourceTree = "<group>"; };
		33A478B72583E6F600F9B7B5 /* Assets.xcassets */ = {isa = PBXFileReference; lastKnownFileType = folder.assetcatalog; path = Assets.xcassets; sourceTree = "<group>"; };
		33A478BA2583E6F600F9B7B5 /* Base */ = {isa = PBXFileReference; lastKnownFileType = file.storyboard; name = Base; path = Base.lproj/LaunchScreen.storyboard; sourceTree = "<group>"; };
		33A478BC2583E6F600F9B7B5 /* Info.plist */ = {isa = PBXFileReference; lastKnownFileType = text.plist.xml; path = Info.plist; sourceTree = "<group>"; };
		33A478C12583E6F600F9B7B5 /* SpaceTests.xctest */ = {isa = PBXFileReference; explicitFileType = wrapper.cfbundle; includeInIndex = 0; path = SpaceTests.xctest; sourceTree = BUILT_PRODUCTS_DIR; };
		33A478C52583E6F600F9B7B5 /* SpaceTests.swift */ = {isa = PBXFileReference; lastKnownFileType = sourcecode.swift; path = SpaceTests.swift; sourceTree = "<group>"; };
		33A478C72583E6F600F9B7B5 /* Info.plist */ = {isa = PBXFileReference; lastKnownFileType = text.plist.xml; path = Info.plist; sourceTree = "<group>"; };
		33A478CC2583E6F600F9B7B5 /* SpaceUITests.xctest */ = {isa = PBXFileReference; explicitFileType = wrapper.cfbundle; includeInIndex = 0; path = SpaceUITests.xctest; sourceTree = BUILT_PRODUCTS_DIR; };
		33A478D02583E6F600F9B7B5 /* SpaceUITests.swift */ = {isa = PBXFileReference; lastKnownFileType = sourcecode.swift; path = SpaceUITests.swift; sourceTree = "<group>"; };
		33A478D22583E6F600F9B7B5 /* Info.plist */ = {isa = PBXFileReference; lastKnownFileType = text.plist.xml; path = Info.plist; sourceTree = "<group>"; };
/* End PBXFileReference section */

/* Begin PBXFrameworksBuildPhase section */
		33A478A82583E6F400F9B7B5 /* Frameworks */ = {
			isa = PBXFrameworksBuildPhase;
			buildActionMask = 2147483647;
			files = (
			);
			runOnlyForDeploymentPostprocessing = 0;
		};
		33A478BE2583E6F600F9B7B5 /* Frameworks */ = {
			isa = PBXFrameworksBuildPhase;
			buildActionMask = 2147483647;
			files = (
			);
			runOnlyForDeploymentPostprocessing = 0;
		};
		33A478C92583E6F600F9B7B5 /* Frameworks */ = {
			isa = PBXFrameworksBuildPhase;
			buildActionMask = 2147483647;
			files = (
			);
			runOnlyForDeploymentPostprocessing = 0;
		};
/* End PBXFrameworksBuildPhase section */

/* Begin PBXGroup section */
		33A478A22583E6F400F9B7B5 = {
			isa = PBXGroup;
			children = (
				33A478AD2583E6F400F9B7B5 /* Space */,
				33A478C42583E6F600F9B7B5 /* SpaceTests */,
				33A478CF2583E6F600F9B7B5 /* SpaceUITests */,
				33A478AC2583E6F400F9B7B5 /* Products */,
			);
			sourceTree = "<group>";
		};
		33A478AC2583E6F400F9B7B5 /* Products */ = {
			isa = PBXGroup;
			children = (
				33A478AB2583E6F400F9B7B5 /* Space.app */,
				33A478C12583E6F600F9B7B5 /* SpaceTests.xctest */,
				33A478CC2583E6F600F9B7B5 /* SpaceUITests.xctest */,
			);
			name = Products;
			sourceTree = "<group>";
		};
		33A478AD2583E6F400F9B7B5 /* Space */ = {
			isa = PBXGroup;
			children = (
				33A478AE2583E6F400F9B7B5 /* AppDelegate.swift */,
				33A478B02583E6F400F9B7B5 /* SceneDelegate.swift */,
				33A478B22583E6F400F9B7B5 /* ViewController.swift */,
				33A478B42583E6F400F9B7B5 /* Main.storyboard */,
				33A478B72583E6F600F9B7B5 /* Assets.xcassets */,
				33A478B92583E6F600F9B7B5 /* LaunchScreen.storyboard */,
				33A478BC2583E6F600F9B7B5 /* Info.plist */,
			);
			path = Space;
			sourceTree = "<group>";
		};
		33A478C42583E6F600F9B7B5 /* SpaceTests */ = {
			isa = PBXGroup;
			children = (
				33A478C52583E6F600F9B7B5 /* SpaceTests.swift */,
				33A478C72583E6F600F9B7B5 /* Info.plist */,
			);
			path = SpaceTests;
			sourceTree = "<group>";
		};
		33A478CF2583E6F600F9B7B5 /* SpaceUITests */ = {
			isa = PBXGroup;
			children = (
				33A478D02583E6F600F9B7B5 /* SpaceUITests.swift */,
				33A478D22583E6F600F9B7B5 /* Info.plist */,
			);
			path = SpaceUITests;
			sourceTree = "<group>";
		};
/* End PBXGroup section */

/* Begin PBXNativeTarget section */
		33A478AA2583E6F400F9B7B5 /* Space */ = {
			isa = PBXNativeTarget;
			buildConfigurationList = 33A478D52583E6F600F9B7B5 /* Build configuration list for PBXNativeTarget "Space" */;
			buildPhases = (
				33A478A72583E6F400F9B7B5 /* Sources */,
				33A478A82583E6F400F9B7B5 /* Frameworks */,
				33A478A92583E6F400F9B7B5 /* Resources */,
			);
			buildRules = (
			);
			dependencies = (
			);
			name = Space;
			productName = Space;
			productReference = 33A478AB2583E6F400F9B7B5 /* Space.app */;
			productType = "com.apple.product-type.application";
		};
		33A478C02583E6F600F9B7B5 /* SpaceTests */ = {
			isa = PBXNativeTarget;
			buildConfigurationList = 33A478D82583E6F600F9B7B5 /* Build configuration list for PBXNativeTarget "SpaceTests" */;
			buildPhases = (
				33A478BD2583E6F600F9B7B5 /* Sources */,
				33A478BE2583E6F600F9B7B5 /* Frameworks */,
				33A478BF2583E6F600F9B7B5 /* Resources */,
			);
			buildRules = (
			);
			dependencies = (
				33A478C32583E6F600F9B7B5 /* PBXTargetDependency */,
			);
			name = SpaceTests;
			productName = SpaceTests;
			productReference = 33A478C12583E6F600F9B7B5 /* SpaceTests.xctest */;
			productType = "com.apple.product-type.bundle.unit-test";
		};
		33A478CB2583E6F600F9B7B5 /* SpaceUITests */ = {
			isa = PBXNativeTarget;
			buildConfigurationList = 33A478DB2583E6F600F9B7B5 /* Build configuration list for PBXNativeTarget "SpaceUITests" */;
			buildPhases = (
				33A478C82583E6F600F9B7B5 /* Sources */,
				33A478C92583E6F600F9B7B5 /* Frameworks */,
				33A478CA2583E6F600F9B7B5 /* Resources */,
			);
			buildRules = (
			);
			dependencies = (
				33A478CE2583E6F600F9B7B5 /* PBXTargetDependency */,
			);
			name = SpaceUITests;
			productName = SpaceUITests;
			productReference = 33A478CC2583E6F600F9B7B5 /* SpaceUITests.xctest */;
			productType = "com.apple.product-type.bundle.ui-testing";
		};
/* End PBXNativeTarget section */

/* Begin PBXProject section */
		33A478A32583E6F400F9B7B5 /* Project object */ = {
			isa = PBXProject;
			attributes = {
				LastSwiftUpdateCheck = 1220;
				LastUpgradeCheck = 1220;
				TargetAttributes = {
					33A478AA2583E6F400F9B7B5 = {
						CreatedOnToolsVersion = 12.2;
					};
					33A478C02583E6F600F9B7B5 = {
						CreatedOnToolsVersion = 12.2;
						TestTargetID = 33A478AA2583E6F400F9B7B5;
					};
					33A478CB2583E6F600F9B7B5 = {
						CreatedOnToolsVersion = 12.2;
						TestTargetID = 33A478AA2583E6F400F9B7B5;
					};
				};
			};
			buildConfigurationList = 33A478A62583E6F400F9B7B5 /* Build configuration list for PBXProject "Space" */;
			compatibilityVersion = "Xcode 9.3";
			developmentRegion = en;
			hasScannedForEncodings = 0;
			knownRegions = (
				en,
				Base,
			);
			mainGroup = 33A478A22583E6F400F9B7B5;
			productRefGroup = 33A478AC2583E6F400F9B7B5 /* Products */;
			projectDirPath = "";
			projectRoot = "";
			targets = (
				33A478AA2583E6F400F9B7B5 /* Space */,
				33A478C02583E6F600F9B7B5 /* SpaceTests */,
				33A478CB2583E6F600F9B7B5 /* SpaceUITests */,
			);
		};
/* End PBXProject section */

/* Begin PBXResourcesBuildPhase section */
		33A478A92583E6F400F9B7B5 /* Resources */ = {
			isa = PBXResourcesBuildPhase;
			buildActionMask = 2147483647;
			files = (
				33A478BB2583E6F600F9B7B5 /* LaunchScreen.storyboard in Resources */,
				33A478B82583E6F600F9B7B5 /* Assets.xcassets in Resources */,
				33A478B62583E6F400F9B7B5 /* Main.storyboard in Resources */,
			);
			runOnlyForDeploymentPostprocessing = 0;
		};
		33A478BF2583E6F600F9B7B5 /* Resources */ = {
			isa = PBXResourcesBuildPhase;
			buildActionMask = 2147483647;
			files = (
			);
			runOnlyForDeploymentPostprocessing = 0;
		};
		33A478CA2583E6F600F9B7B5 /* Resources */ = {
			isa = PBXResourcesBuildPhase;
			buildActionMask = 2147483647;
			files = (
			);
			runOnlyForDeploymentPostprocessing = 0;
		};
/* End PBXResourcesBuildPhase section */

/* Begin PBXSourcesBuildPhase section */
		33A478A72583E6F400F9B7B5 /* Sources */ = {
			isa = PBXSourcesBuildPhase;
			buildActionMask = 2147483647;
			files = (
				33A478B32583E6F400F9B7B5 /* ViewController.swift in Sources */,
				33A478AF2583E6F400F9B7B5 /* AppDelegate.swift in Sources */,
				33A478B12583E6F400F9B7B5 /* SceneDelegate.swift in Sources */,
			);
			runOnlyForDeploymentPostprocessing = 0;
		};
		33A478BD2583E6F600F9B7B5 /* Sources */ = {
			isa = PBXSourcesBuildPhase;
			buildActionMask = 2147483647;
			files = (
				33A478C62583E6F600F9B7B5 /* SpaceTests.swift in Sources */,
			);
			runOnlyForDeploymentPostprocessing = 0;
		};
		33A478C82583E6F600F9B7B5 /* Sources */ = {
			isa = PBXSourcesBuildPhase;
			buildActionMask = 2147483647;
			files = (
				33A478D12583E6F600F9B7B5 /* SpaceUITests.swift in Sources */,
			);
			runOnlyForDeploymentPostprocessing = 0;
		};
/* End PBXSourcesBuildPhase section */

/* Begin PBXTargetDependency section */
		33A478C32583E6F600F9B7B5 /* PBXTargetDependency */ = {
			isa = PBXTargetDependency;
			target = 33A478AA2583E6F400F9B7B5 /* Space */;
			targetProxy = 33A478C22583E6F600F9B7B5 /* PBXContainerItemProxy */;
		};
		33A478CE2583E6F600F9B7B5 /* PBXTargetDependency */ = {
			isa = PBXTargetDependency;
			target = 33A478AA2583E6F400F9B7B5 /* Space */;
			targetProxy = 33A478CD2583E6F600F9B7B5 /* PBXContainerItemProxy */;
		};
/* End PBXTargetDependency section */

/* Begin PBXVariantGroup section */
		33A478B42583E6F400F9B7B5 /* Main.storyboard */ = {
			isa = PBXVariantGroup;
			children = (
				33A478B52583E6F400F9B7B5 /* Base */,
			);
			name = Main.storyboard;
			sourceTree = "<group>";
		};
		33A478B92583E6F600F9B7B5 /* LaunchScreen.storyboard */ = {
			isa = PBXVariantGroup;
			children = (
				33A478BA2583E6F600F9B7B5 /* Base */,
			);
			name = LaunchScreen.storyboard;
			sourceTree = "<group>";
		};
/* End PBXVariantGroup section */

/* Begin XCBuildConfiguration section */
		33A478D32583E6F600F9B7B5 /* Debug */ = {
			isa = XCBuildConfiguration;
			buildSettings = {
				ALWAYS_SEARCH_USER_PATHS = NO;
				CLANG_ANALYZER_NONNULL = YES;
				CLANG_ANALYZER_NUMBER_OBJECT_CONVERSION = YES_AGGRESSIVE;
				CLANG_CXX_LANGUAGE_STANDARD = "gnu++14";
				CLANG_CXX_LIBRARY = "libc++";
				CLANG_ENABLE_MODULES = YES;
				CLANG_ENABLE_OBJC_ARC = YES;
				CLANG_ENABLE_OBJC_WEAK = YES;
				CLANG_WARN_BLOCK_CAPTURE_AUTORELEASING = YES;
				CLANG_WARN_BOOL_CONVERSION = YES;
				CLANG_WARN_COMMA = YES;
				CLANG_WARN_CONSTANT_CONVERSION = YES;
				CLANG_WARN_DEPRECATED_OBJC_IMPLEMENTATIONS = YES;
				CLANG_WARN_DIRECT_OBJC_ISA_USAGE = YES_ERROR;
				CLANG_WARN_DOCUMENTATION_COMMENTS = YES;
				CLANG_WARN_EMPTY_BODY = YES;
				CLANG_WARN_ENUM_CONVERSION = YES;
				CLANG_WARN_INFINITE_RECURSION = YES;
				CLANG_WARN_INT_CONVERSION = YES;
				CLANG_WARN_NON_LITERAL_NULL_CONVERSION = YES;
				CLANG_WARN_OBJC_IMPLICIT_RETAIN_SELF = YES;
				CLANG_WARN_OBJC_LITERAL_CONVERSION = YES;
				CLANG_WARN_OBJC_ROOT_CLASS = YES_ERROR;
				CLANG_WARN_QUOTED_INCLUDE_IN_FRAMEWORK_HEADER = YES;
				CLANG_WARN_RANGE_LOOP_ANALYSIS = YES;
				CLANG_WARN_STRICT_PROTOTYPES = YES;
				CLANG_WARN_SUSPICIOUS_MOVE = YES;
				CLANG_WARN_UNGUARDED_AVAILABILITY = YES_AGGRESSIVE;
				CLANG_WARN_UNREACHABLE_CODE = YES;
				CLANG_WARN__DUPLICATE_METHOD_MATCH = YES;
				COPY_PHASE_STRIP = NO;
				DEBUG_INFORMATION_FORMAT = dwarf;
				ENABLE_STRICT_OBJC_MSGSEND = YES;
				ENABLE_TESTABILITY = YES;
				GCC_C_LANGUAGE_STANDARD = gnu11;
				GCC_DYNAMIC_NO_PIC = NO;
				GCC_NO_COMMON_BLOCKS = YES;
				GCC_OPTIMIZATION_LEVEL = 0;
				GCC_PREPROCESSOR_DEFINITIONS = (
					"DEBUG=1",
					"$(inherited)",
				);
				GCC_WARN_64_TO_32_BIT_CONVERSION = YES;
				GCC_WARN_ABOUT_RETURN_TYPE = YES_ERROR;
				GCC_WARN_UNDECLARED_SELECTOR = YES;
				GCC_WARN_UNINITIALIZED_AUTOS = YES_AGGRESSIVE;
				GCC_WARN_UNUSED_FUNCTION = YES;
				GCC_WARN_UNUSED_VARIABLE = YES;
				IPHONEOS_DEPLOYMENT_TARGET = 14.2;
				MTL_ENABLE_DEBUG_INFO = INCLUDE_SOURCE;
				MTL_FAST_MATH = YES;
				ONLY_ACTIVE_ARCH = YES;
				SDKROOT = iphoneos;
				SWIFT_ACTIVE_COMPILATION_CONDITIONS = DEBUG;
				SWIFT_OPTIMIZATION_LEVEL = "-Onone";
			};
			name = Debug;
		};
		33A478D42583E6F600F9B7B5 /* Release */ = {
			isa = XCBuildConfiguration;
			buildSettings = {
				ALWAYS_SEARCH_USER_PATHS = NO;
				CLANG_ANALYZER_NONNULL = YES;
				CLANG_ANALYZER_NUMBER_OBJECT_CONVERSION = YES_AGGRESSIVE;
				CLANG_CXX_LANGUAGE_STANDARD = "gnu++14";
				CLANG_CXX_LIBRARY = "libc++";
				CLANG_ENABLE_MODULES = YES;
				CLANG_ENABLE_OBJC_ARC = YES;
				CLANG_ENABLE_OBJC_WEAK = YES;
				CLANG_WARN_BLOCK_CAPTURE_AUTORELEASING = YES;
				CLANG_WARN_BOOL_CONVERSION = YES;
				CLANG_WARN_COMMA = YES;
				CLANG_WARN_CONSTANT_CONVERSION = YES;
				CLANG_WARN_DEPRECATED_OBJC_IMPLEMENTATIONS = YES;
				CLANG_WARN_DIRECT_OBJC_ISA_USAGE = YES_ERROR;
				CLANG_WARN_DOCUMENTATION_COMMENTS = YES;
				CLANG_WARN_EMPTY_BODY = YES;
				CLANG_WARN_ENUM_CONVERSION = YES;
				CLANG_WARN_INFINITE_RECURSION = YES;
				CLANG_WARN_INT_CONVERSION = YES;
				CLANG_WARN_NON_LITERAL_NULL_CONVERSION = YES;
				CLANG_WARN_OBJC_IMPLICIT_RETAIN_SELF = YES;
				CLANG_WARN_OBJC_LITERAL_CONVERSION = YES;
				CLANG_WARN_OBJC_ROOT_CLASS = YES_ERROR;
				CLANG_WARN_QUOTED_INCLUDE_IN_FRAMEWORK_HEADER = YES;
				CLANG_WARN_RANGE_LOOP_ANALYSIS = YES;
				CLANG_WARN_STRICT_PROTOTYPES = YES;
				CLANG_WARN_SUSPICIOUS_MOVE = YES;
				CLANG_WARN_UNGUARDED_AVAILABILITY = YES_AGGRESSIVE;
				CLANG_WARN_UNREACHABLE_CODE = YES;
				CLANG_WARN__DUPLICATE_METHOD_MATCH = YES;
				COPY_PHASE_STRIP = NO;
				DEBUG_INFORMATION_FORMAT = "dwarf-with-dsym";
				ENABLE_NS_ASSERTIONS = NO;
				ENABLE_STRICT_OBJC_MSGSEND = YES;
				GCC_C_LANGUAGE_STANDARD = gnu11;
				GCC_NO_COMMON_BLOCKS = YES;
				GCC_WARN_64_TO_32_BIT_CONVERSION = YES;
				GCC_WARN_ABOUT_RETURN_TYPE = YES_ERROR;
				GCC_WARN_UNDECLARED_SELECTOR = YES;
				GCC_WARN_UNINITIALIZED_AUTOS = YES_AGGRESSIVE;
				GCC_WARN_UNUSED_FUNCTION = YES;
				GCC_WARN_UNUSED_VARIABLE = YES;
				IPHONEOS_DEPLOYMENT_TARGET = 14.2;
				MTL_ENABLE_DEBUG_INFO = NO;
				MTL_FAST_MATH = YES;
				SDKROOT = iphoneos;
				SWIFT_COMPILATION_MODE = wholemodule;
				SWIFT_OPTIMIZATION_LEVEL = "-O";
				VALIDATE_PRODUCT = YES;
			};
			name = Release;
		};
		33A478D62583E6F600F9B7B5 /* Debug */ = {
			isa = XCBuildConfiguration;
			buildSettings = {
				ASSETCATALOG_COMPILER_APPICON_NAME = AppIcon;
				ASSETCATALOG_COMPILER_GLOBAL_ACCENT_COLOR_NAME = AccentColor;
				CODE_SIGN_STYLE = Automatic;
				INFOPLIST_FILE = Space/Info.plist;
				LD_RUNPATH_SEARCH_PATHS = (
					"$(inherited)",
					"@executable_path/Frameworks",
				);
				PRODUCT_BUNDLE_IDENTIFIER = sawapps.Space;
				PRODUCT_NAME = "$(TARGET_NAME)";
				SWIFT_VERSION = 5.0;
				TARGETED_DEVICE_FAMILY = "1,2";
			};
			name = Debug;
		};
		33A478D72583E6F600F9B7B5 /* Release */ = {
			isa = XCBuildConfiguration;
			buildSettings = {
				ASSETCATALOG_COMPILER_APPICON_NAME = AppIcon;
				ASSETCATALOG_COMPILER_GLOBAL_ACCENT_COLOR_NAME = AccentColor;
				CODE_SIGN_STYLE = Automatic;
				INFOPLIST_FILE = Space/Info.plist;
				LD_RUNPATH_SEARCH_PATHS = (
					"$(inherited)",
					"@executable_path/Frameworks",
				);
				PRODUCT_BUNDLE_IDENTIFIER = sawapps.Space;
				PRODUCT_NAME = "$(TARGET_NAME)";
				SWIFT_VERSION = 5.0;
				TARGETED_DEVICE_FAMILY = "1,2";
			};
			name = Release;
		};
		33A478D92583E6F600F9B7B5 /* Debug */ = {
			isa = XCBuildConfiguration;
			buildSettings = {
				ALWAYS_EMBED_SWIFT_STANDARD_LIBRARIES = YES;
				BUNDLE_LOADER = "$(TEST_HOST)";
				CODE_SIGN_STYLE = Automatic;
				INFOPLIST_FILE = SpaceTests/Info.plist;
				IPHONEOS_DEPLOYMENT_TARGET = 14.2;
				LD_RUNPATH_SEARCH_PATHS = (
					"$(inherited)",
					"@executable_path/Frameworks",
					"@loader_path/Frameworks",
				);
				PRODUCT_BUNDLE_IDENTIFIER = sawapps.SpaceTests;
				PRODUCT_NAME = "$(TARGET_NAME)";
				SWIFT_VERSION = 5.0;
				TARGETED_DEVICE_FAMILY = "1,2";
				TEST_HOST = "$(BUILT_PRODUCTS_DIR)/Space.app/Space";
			};
			name = Debug;
		};
		33A478DA2583E6F600F9B7B5 /* Release */ = {
			isa = XCBuildConfiguration;
			buildSettings = {
				ALWAYS_EMBED_SWIFT_STANDARD_LIBRARIES = YES;
				BUNDLE_LOADER = "$(TEST_HOST)";
				CODE_SIGN_STYLE = Automatic;
				INFOPLIST_FILE = SpaceTests/Info.plist;
				IPHONEOS_DEPLOYMENT_TARGET = 14.2;
				LD_RUNPATH_SEARCH_PATHS = (
					"$(inherited)",
					"@executable_path/Frameworks",
					"@loader_path/Frameworks",
				);
				PRODUCT_BUNDLE_IDENTIFIER = sawapps.SpaceTests;
				PRODUCT_NAME = "$(TARGET_NAME)";
				SWIFT_VERSION = 5.0;
				TARGETED_DEVICE_FAMILY = "1,2";
				TEST_HOST = "$(BUILT_PRODUCTS_DIR)/Space.app/Space";
			};
			name = Release;
		};
		33A478DC2583E6F600F9B7B5 /* Debug */ = {
			isa = XCBuildConfiguration;
			buildSettings = {
				ALWAYS_EMBED_SWIFT_STANDARD_LIBRARIES = YES;
				CODE_SIGN_STYLE = Automatic;
				INFOPLIST_FILE = SpaceUITests/Info.plist;
				LD_RUNPATH_SEARCH_PATHS = (
					"$(inherited)",
					"@executable_path/Frameworks",
					"@loader_path/Frameworks",
				);
				PRODUCT_BUNDLE_IDENTIFIER = sawapps.SpaceUITests;
				PRODUCT_NAME = "$(TARGET_NAME)";
				SWIFT_VERSION = 5.0;
				TARGETED_DEVICE_FAMILY = "1,2";
				TEST_TARGET_NAME = Space;
			};
			name = Debug;
		};
		33A478DD2583E6F600F9B7B5 /* Release */ = {
			isa = XCBuildConfiguration;
			buildSettings = {
				ALWAYS_EMBED_SWIFT_STANDARD_LIBRARIES = YES;
				CODE_SIGN_STYLE = Automatic;
				INFOPLIST_FILE = SpaceUITests/Info.plist;
				LD_RUNPATH_SEARCH_PATHS = (
					"$(inherited)",
					"@executable_path/Frameworks",
					"@loader_path/Frameworks",
				);
				PRODUCT_BUNDLE_IDENTIFIER = sawapps.SpaceUITests;
				PRODUCT_NAME = "$(TARGET_NAME)";
				SWIFT_VERSION = 5.0;
				TARGETED_DEVICE_FAMILY = "1,2";
				TEST_TARGET_NAME = Space;
			};
			name = Release;
		};
/* End XCBuildConfiguration section */

/* Begin XCConfigurationList section */
		33A478A62583E6F400F9B7B5 /* Build configuration list for PBXProject "Space" */ = {
			isa = XCConfigurationList;
			buildConfigurations = (
				33A478D32583E6F600F9B7B5 /* Debug */,
				33A478D42583E6F600F9B7B5 /* Release */,
			);
			defaultConfigurationIsVisible = 0;
			defaultConfigurationName = Release;
		};
		33A478D52583E6F600F9B7B5 /* Build configuration list for PBXNativeTarget "Space" */ = {
			isa = XCConfigurationList;
			buildConfigurations = (
				33A478D62583E6F600F9B7B5 /* Debug */,
				33A478D72583E6F600F9B7B5 /* Release */,
			);
			defaultConfigurationIsVisible = 0;
			defaultConfigurationName = Release;
		};
		33A478D82583E6F600F9B7B5 /* Build configuration list for PBXNativeTarget "SpaceTests" */ = {
			isa = XCConfigurationList;
			buildConfigurations = (
				33A478D92583E6F600F9B7B5 /* Debug */,
				33A478DA2583E6F600F9B7B5 /* Release */,
			);
			defaultConfigurationIsVisible = 0;
			defaultConfigurationName = Release;
		};
		33A478DB2583E6F600F9B7B5 /* Build configuration list for PBXNativeTarget "SpaceUITests" */ = {
			isa = XCConfigurationList;
			buildConfigurations = (
				33A478DC2583E6F600F9B7B5 /* Debug */,
				33A478DD2583E6F600F9B7B5 /* Release */,
			);
			defaultConfigurationIsVisible = 0;
			defaultConfigurationName = Release;
		};
/* End XCConfigurationList section */
	};
	rootObject = 33A478A32583E6F400F9B7B5 /* Project object */;
}
